// !$*UTF8*$!
{
	archiveVersion = 1;
	classes = {
	};
	objectVersion = 50;
	objects = {

/* Begin PBXBuildFile section */
		AE4DFB682238F6990029A144 /* AppDelegate.swift in Sources */ = {isa = PBXBuildFile; fileRef = AE4DFB672238F6990029A144 /* AppDelegate.swift */; };
		AE4DFB6A2238F6990029A144 /* ViewController.swift in Sources */ = {isa = PBXBuildFile; fileRef = AE4DFB692238F6990029A144 /* ViewController.swift */; };
		AE4DFB6D2238F6990029A144 /* Main.storyboard in Resources */ = {isa = PBXBuildFile; fileRef = AE4DFB6B2238F6990029A144 /* Main.storyboard */; };
		AE4DFB6F2238F69A0029A144 /* Assets.xcassets in Resources */ = {isa = PBXBuildFile; fileRef = AE4DFB6E2238F69A0029A144 /* Assets.xcassets */; };
		AE4DFB722238F69A0029A144 /* LaunchScreen.storyboard in Resources */ = {isa = PBXBuildFile; fileRef = AE4DFB702238F69A0029A144 /* LaunchScreen.storyboard */; };
/* End PBXBuildFile section */

/* Begin PBXFileReference section */
		AE4DFB642238F6990029A144 /* test1.app */ = {isa = PBXFileReference; explicitFileType = wrapper.application; includeInIndex = 0; path = test1.app; sourceTree = BUILT_PRODUCTS_DIR; };
		AE4DFB672238F6990029A144 /* AppDelegate.swift */ = {isa = PBXFileReference; lastKnownFileType = sourcecode.swift; path = AppDelegate.swift; sourceTree = "<group>"; };
		AE4DFB692238F6990029A144 /* ViewController.swift */ = {isa = PBXFileReference; lastKnownFileType = sourcecode.swift; path = ViewController.swift; sourceTree = "<group>"; };
		AE4DFB6C2238F6990029A144 /* Base */ = {isa = PBXFileReference; lastKnownFileType = file.storyboard; name = Base; path = Base.lproj/Main.storyboard; sourceTree = "<group>"; };
		AE4DFB6E2238F69A0029A144 /* Assets.xcassets */ = {isa = PBXFileReference; lastKnownFileType = folder.assetcatalog; path = Assets.xcassets; sourceTree = "<group>"; };
		AE4DFB712238F69A0029A144 /* Base */ = {isa = PBXFileReference; lastKnownFileType = file.storyboard; name = Base; path = Base.lproj/LaunchScreen.storyboard; sourceTree = "<group>"; };
		AE4DFB732238F69A0029A144 /* Info.plist */ = {isa = PBXFileReference; lastKnownFileType = text.plist.xml; path = Info.plist; sourceTree = "<group>"; };
/* End PBXFileReference section */

/* Begin PBXFrameworksBuildPhase section */
		AE4DFB612238F6980029A144 /* Frameworks */ = {
			isa = PBXFrameworksBuildPhase;
			buildActionMask = 2147483647;
			files = (
			);
			runOnlyForDeploymentPostprocessing = 0;
		};
/* End PBXFrameworksBuildPhase section */

/* Begin PBXGroup section */
		AE4DFB5B2238F6980029A144 = {
			isa = PBXGroup;
			children = (
				AE4DFB662238F6990029A144 /* test1 */,
				AE4DFB652238F6990029A144 /* Products */,
			);
			sourceTree = "<group>";
		};
		AE4DFB652238F6990029A144 /* Products */ = {
			isa = PBXGroup;
			children = (
				AE4DFB642238F6990029A144 /* test1.app */,
			);
			name = Products;
			sourceTree = "<group>";
		};
		AE4DFB662238F6990029A144 /* test1 */ = {
			isa = PBXGroup;
			children = (
				AE4DFB672238F6990029A144 /* AppDelegate.swift */,
				AE4DFB692238F6990029A144 /* ViewController.swift */,
				AE4DFB6B2238F6990029A144 /* Main.storyboard */,
				AE4DFB6E2238F69A0029A144 /* Assets.xcassets */,
				AE4DFB702238F69A0029A144 /* LaunchScreen.storyboard */,
				AE4DFB732238F69A0029A144 /* Info.plist */,
			);
			path = test1;
			sourceTree = "<group>";
		};
/* End PBXGroup section */

/* Begin PBXNativeTarget section */
		AE4DFB632238F6980029A144 /* test1 */ = {
			isa = PBXNativeTarget;
			buildConfigurationList = AE4DFB762238F69A0029A144 /* Build configuration list for PBXNativeTarget "test1" */;
			buildPhases = (
				AE4DFB602238F6980029A144 /* Sources */,
				AE4DFB612238F6980029A144 /* Frameworks */,
				AE4DFB622238F6980029A144 /* Resources */,
			);
			buildRules = (
			);
			dependencies = (
			);
			name = test1;
			productName = test1;
			productReference = AE4DFB642238F6990029A144 /* test1.app */;
			productType = "com.apple.product-type.application";
		};
/* End PBXNativeTarget section */

/* Begin PBXProject section */
		AE4DFB5C2238F6980029A144 /* Project object */ = {
			isa = PBXProject;
			attributes = {
				LastSwiftUpdateCheck = 1010;
				LastUpgradeCheck = 1010;
				ORGANIZATIONNAME = "李如昀";
				TargetAttributes = {
					AE4DFB632238F6980029A144 = {
						CreatedOnToolsVersion = 10.1;
					};
				};
			};
			buildConfigurationList = AE4DFB5F2238F6980029A144 /* Build configuration list for PBXProject "test1" */;
			compatibilityVersion = "Xcode 9.3";
			developmentRegion = en;
			hasScannedForEncodings = 0;
			knownRegions = (
				en,
				Base,
			);
			mainGroup = AE4DFB5B2238F6980029A144;
			productRefGroup = AE4DFB652238F6990029A144 /* Products */;
			projectDirPath = "";
			projectRoot = "";
			targets = (
				AE4DFB632238F6980029A144 /* test1 */,
			);
		};
/* End PBXProject section */

/* Begin PBXResourcesBuildPhase section */
		AE4DFB622238F6980029A144 /* Resources */ = {
			isa = PBXResourcesBuildPhase;
			buildActionMask = 2147483647;
			files = (
				AE4DFB722238F69A0029A144 /* LaunchScreen.storyboard in Resources */,
				AE4DFB6F2238F69A0029A144 /* Assets.xcassets in Resources */,
				AE4DFB6D2238F6990029A144 /* Main.storyboard in Resources */,
			);
			runOnlyForDeploymentPostprocessing = 0;
		};
/* End PBXResourcesBuildPhase section */

/* Begin PBXSourcesBuildPhase section */
		AE4DFB602238F6980029A144 /* Sources */ = {
			isa = PBXSourcesBuildPhase;
			buildActionMask = 2147483647;
			files = (
				AE4DFB6A2238F6990029A144 /* ViewController.swift in Sources */,
				AE4DFB682238F6990029A144 /* AppDelegate.swift in Sources */,
			);
			runOnlyForDeploymentPostprocessing = 0;
		};
/* End PBXSourcesBuildPhase section */

/* Begin PBXVariantGroup section */
		AE4DFB6B2238F6990029A144 /* Main.storyboard */ = {
			isa = PBXVariantGroup;
			children = (
				AE4DFB6C2238F6990029A144 /* Base */,
			);
			name = Main.storyboard;
			sourceTree = "<group>";
		};
		AE4DFB702238F69A0029A144 /* LaunchScreen.storyboard */ = {
			isa = PBXVariantGroup;
			children = (
				AE4DFB712238F69A0029A144 /* Base */,
			);
			name = LaunchScreen.storyboard;
			sourceTree = "<group>";
		};
/* End PBXVariantGroup section */

/* Begin XCBuildConfiguration section */
		AE4DFB742238F69A0029A144 /* Debug */ = {
			isa = XCBuildConfiguration;
			buildSettings = {
				ALWAYS_SEARCH_USER_PATHS = NO;
				CLANG_ANALYZER_NONNULL = YES;
				CLANG_ANALYZER_NUMBER_OBJECT_CONVERSION = YES_AGGRESSIVE;
				CLANG_CXX_LANGUAGE_STANDARD = "gnu++14";
				CLANG_CXX_LIBRARY = "libc++";
				CLANG_ENABLE_MODULES = YES;
				CLANG_ENABLE_OBJC_ARC = YES;
				CLANG_ENABLE_OBJC_WEAK = YES;
				CLANG_WARN_BLOCK_CAPTURE_AUTORELEASING = YES;
				CLANG_WARN_BOOL_CONVERSION = YES;
				CLANG_WARN_COMMA = YES;
				CLANG_WARN_CONSTANT_CONVERSION = YES;
				CLANG_WARN_DEPRECATED_OBJC_IMPLEMENTATIONS = YES;
				CLANG_WARN_DIRECT_OBJC_ISA_USAGE = YES_ERROR;
				CLANG_WARN_DOCUMENTATION_COMMENTS = YES;
				CLANG_WARN_EMPTY_BODY = YES;
				CLANG_WARN_ENUM_CONVERSION = YES;
				CLANG_WARN_INFINITE_RECURSION = YES;
				CLANG_WARN_INT_CONVERSION = YES;
				CLANG_WARN_NON_LITERAL_NULL_CONVERSION = YES;
				CLANG_WARN_OBJC_IMPLICIT_RETAIN_SELF = YES;
				CLANG_WARN_OBJC_LITERAL_CONVERSION = YES;
				CLANG_WARN_OBJC_ROOT_CLASS = YES_ERROR;
				CLANG_WARN_RANGE_LOOP_ANALYSIS = YES;
				CLANG_WARN_STRICT_PROTOTYPES = YES;
				CLANG_WARN_SUSPICIOUS_MOVE = YES;
				CLANG_WARN_UNGUARDED_AVAILABILITY = YES_AGGRESSIVE;
				CLANG_WARN_UNREACHABLE_CODE = YES;
				CLANG_WARN__DUPLICATE_METHOD_MATCH = YES;
				CODE_SIGN_IDENTITY = "iPhone Developer";
				COPY_PHASE_STRIP = NO;
				DEBUG_INFORMATION_FORMAT = dwarf;
				ENABLE_STRICT_OBJC_MSGSEND = YES;
				ENABLE_TESTABILITY = YES;
				GCC_C_LANGUAGE_STANDARD = gnu11;
				GCC_DYNAMIC_NO_PIC = NO;
				GCC_NO_COMMON_BLOCKS = YES;
				GCC_OPTIMIZATION_LEVEL = 0;
				GCC_PREPROCESSOR_DEFINITIONS = (
					"DEBUG=1",
					"$(inherited)",
				);
				GCC_WARN_64_TO_32_BIT_CONVERSION = YES;
				GCC_WARN_ABOUT_RETURN_TYPE = YES_ERROR;
				GCC_WARN_UNDECLARED_SELECTOR = YES;
				GCC_WARN_UNINITIALIZED_AUTOS = YES_AGGRESSIVE;
				GCC_WARN_UNUSED_FUNCTION = YES;
				GCC_WARN_UNUSED_VARIABLE = YES;
				IPHONEOS_DEPLOYMENT_TARGET = 12.1;
				MTL_ENABLE_DEBUG_INFO = INCLUDE_SOURCE;
				MTL_FAST_MATH = YES;
				ONLY_ACTIVE_ARCH = YES;
				SDKROOT = iphoneos;
				SWIFT_ACTIVE_COMPILATION_CONDITIONS = DEBUG;
				SWIFT_OPTIMIZATION_LEVEL = "-Onone";
			};
			name = Debug;
		};
		AE4DFB752238F69A0029A144 /* Release */ = {
			isa = XCBuildConfiguration;
			buildSettings = {
				ALWAYS_SEARCH_USER_PATHS = NO;
				CLANG_ANALYZER_NONNULL = YES;
				CLANG_ANALYZER_NUMBER_OBJECT_CONVERSION = YES_AGGRESSIVE;
				CLANG_CXX_LANGUAGE_STANDARD = "gnu++14";
				CLANG_CXX_LIBRARY = "libc++";
				CLANG_ENABLE_MODULES = YES;
				CLANG_ENABLE_OBJC_ARC = YES;
				CLANG_ENABLE_OBJC_WEAK = YES;
				CLANG_WARN_BLOCK_CAPTURE_AUTORELEASING = YES;
				CLANG_WARN_BOOL_CONVERSION = YES;
				CLANG_WARN_COMMA = YES;
				CLANG_WARN_CONSTANT_CONVERSION = YES;
				CLANG_WARN_DEPRECATED_OBJC_IMPLEMENTATIONS = YES;
				CLANG_WARN_DIRECT_OBJC_ISA_USAGE = YES_ERROR;
				CLANG_WARN_DOCUMENTATION_COMMENTS = YES;
				CLANG_WARN_EMPTY_BODY = YES;
				CLANG_WARN_ENUM_CONVERSION = YES;
				CLANG_WARN_INFINITE_RECURSION = YES;
				CLANG_WARN_INT_CONVERSION = YES;
				CLANG_WARN_NON_LITERAL_NULL_CONVERSION = YES;
				CLANG_WARN_OBJC_IMPLICIT_RETAIN_SELF = YES;
				CLANG_WARN_OBJC_LITERAL_CONVERSION = YES;
				CLANG_WARN_OBJC_ROOT_CLASS = YES_ERROR;
				CLANG_WARN_RANGE_LOOP_ANALYSIS = YES;
				CLANG_WARN_STRICT_PROTOTYPES = YES;
				CLANG_WARN_SUSPICIOUS_MOVE = YES;
				CLANG_WARN_UNGUARDED_AVAILABILITY = YES_AGGRESSIVE;
				CLANG_WARN_UNREACHABLE_CODE = YES;
				CLANG_WARN__DUPLICATE_METHOD_MATCH = YES;
				CODE_SIGN_IDENTITY = "iPhone Developer";
				COPY_PHASE_STRIP = NO;
				DEBUG_INFORMATION_FORMAT = "dwarf-with-dsym";
				ENABLE_NS_ASSERTIONS = NO;
				ENABLE_STRICT_OBJC_MSGSEND = YES;
				GCC_C_LANGUAGE_STANDARD = gnu11;
				GCC_NO_COMMON_BLOCKS = YES;
				GCC_WARN_64_TO_32_BIT_CONVERSION = YES;
				GCC_WARN_ABOUT_RETURN_TYPE = YES_ERROR;
				GCC_WARN_UNDECLARED_SELECTOR = YES;
				GCC_WARN_UNINITIALIZED_AUTOS = YES_AGGRESSIVE;
				GCC_WARN_UNUSED_FUNCTION = YES;
				GCC_WARN_UNUSED_VARIABLE = YES;
				IPHONEOS_DEPLOYMENT_TARGET = 12.1;
				MTL_ENABLE_DEBUG_INFO = NO;
				MTL_FAST_MATH = YES;
				SDKROOT = iphoneos;
				SWIFT_COMPILATION_MODE = wholemodule;
				SWIFT_OPTIMIZATION_LEVEL = "-O";
				VALIDATE_PRODUCT = YES;
			};
			name = Release;
		};
		AE4DFB772238F69A0029A144 /* Debug */ = {
			isa = XCBuildConfiguration;
			buildSettings = {
				ASSETCATALOG_COMPILER_APPICON_NAME = AppIcon;
				CODE_SIGN_STYLE = Automatic;
				DEVELOPMENT_TEAM = P476K6GMZ2;
				INFOPLIST_FILE = test1/Info.plist;
				LD_RUNPATH_SEARCH_PATHS = (
					"$(inherited)",
					"@executable_path/Frameworks",
				);
				PRODUCT_BUNDLE_IDENTIFIER = com.test1;
				PRODUCT_NAME = "$(TARGET_NAME)";
				SWIFT_VERSION = 4.2;
				TARGETED_DEVICE_FAMILY = "1,2";
			};
			name = Debug;
		};
		AE4DFB782238F69A0029A144 /* Release */ = {
			isa = XCBuildConfiguration;
			buildSettings = {
				ASSETCATALOG_COMPILER_APPICON_NAME = AppIcon;
				CODE_SIGN_STYLE = Automatic;
				DEVELOPMENT_TEAM = P476K6GMZ2;
				INFOPLIST_FILE = test1/Info.plist;
				LD_RUNPATH_SEARCH_PATHS = (
					"$(inherited)",
					"@executable_path/Frameworks",
				);
				PRODUCT_BUNDLE_IDENTIFIER = com.test1;
				PRODUCT_NAME = "$(TARGET_NAME)";
				SWIFT_VERSION = 4.2;
				TARGETED_DEVICE_FAMILY = "1,2";
			};
			name = Release;
		};
/* End XCBuildConfiguration section */

/* Begin XCConfigurationList section */
		AE4DFB5F2238F6980029A144 /* Build configuration list for PBXProject "test1" */ = {
			isa = XCConfigurationList;
			buildConfigurations = (
				AE4DFB742238F69A0029A144 /* Debug */,
				AE4DFB752238F69A0029A144 /* Release */,
			);
			defaultConfigurationIsVisible = 0;
			defaultConfigurationName = Release;
		};
		AE4DFB762238F69A0029A144 /* Build configuration list for PBXNativeTarget "test1" */ = {
			isa = XCConfigurationList;
			buildConfigurations = (
				AE4DFB772238F69A0029A144 /* Debug */,
				AE4DFB782238F69A0029A144 /* Release */,
			);
			defaultConfigurationIsVisible = 0;
			defaultConfigurationName = Release;
		};
/* End XCConfigurationList section */
	};
	rootObject = AE4DFB5C2238F6980029A144 /* Project object */;
}
